// !$*UTF8*$!
{
	archiveVersion = 1;
	classes = {
	};
	objectVersion = 56;
	objects = {

/* Begin PBXBuildFile section */
		5E82F2452B33FCD200C7A327 /* main.swift in Sources */ = {isa = PBXBuildFile; fileRef = 5E82F2442B33FCD200C7A327 /* main.swift */; };
		5E82F2522B33FCE200C7A327 /* Test_Day_21.swift in Sources */ = {isa = PBXBuildFile; fileRef = 5E82F2512B33FCE200C7A327 /* Test_Day_21.swift */; };
		5E82F2572B33FDDA00C7A327 /* Day21.swift in Sources */ = {isa = PBXBuildFile; fileRef = 5E82F2562B33FDDA00C7A327 /* Day21.swift */; };
		5E82F2582B33FDDA00C7A327 /* Day21.swift in Sources */ = {isa = PBXBuildFile; fileRef = 5E82F2562B33FDDA00C7A327 /* Day21.swift */; };
		5E82F25A2B34074800C7A327 /* input.swift in Sources */ = {isa = PBXBuildFile; fileRef = 5E82F2592B34074800C7A327 /* input.swift */; };
/* End PBXBuildFile section */

/* Begin PBXCopyFilesBuildPhase section */
		5E82F23F2B33FCD200C7A327 /* CopyFiles */ = {
			isa = PBXCopyFilesBuildPhase;
			buildActionMask = 2147483647;
			dstPath = /usr/share/man/man1/;
			dstSubfolderSpec = 0;
			files = (
			);
			runOnlyForDeploymentPostprocessing = 1;
		};
/* End PBXCopyFilesBuildPhase section */

/* Begin PBXFileReference section */
		5E82F2412B33FCD200C7A327 /* Day21 */ = {isa = PBXFileReference; explicitFileType = "compiled.mach-o.executable"; includeInIndex = 0; path = Day21; sourceTree = BUILT_PRODUCTS_DIR; };
		5E82F2442B33FCD200C7A327 /* main.swift */ = {isa = PBXFileReference; lastKnownFileType = sourcecode.swift; path = main.swift; sourceTree = "<group>"; };
		5E82F24F2B33FCE200C7A327 /* Test Day 21.xctest */ = {isa = PBXFileReference; explicitFileType = wrapper.cfbundle; includeInIndex = 0; path = "Test Day 21.xctest"; sourceTree = BUILT_PRODUCTS_DIR; };
		5E82F2512B33FCE200C7A327 /* Test_Day_21.swift */ = {isa = PBXFileReference; lastKnownFileType = sourcecode.swift; path = Test_Day_21.swift; sourceTree = "<group>"; };
		5E82F2562B33FDDA00C7A327 /* Day21.swift */ = {isa = PBXFileReference; lastKnownFileType = sourcecode.swift; path = Day21.swift; sourceTree = "<group>"; };
		5E82F2592B34074800C7A327 /* input.swift */ = {isa = PBXFileReference; lastKnownFileType = sourcecode.swift; path = input.swift; sourceTree = "<group>"; };
/* End PBXFileReference section */

/* Begin PBXFrameworksBuildPhase section */
		5E82F23E2B33FCD200C7A327 /* Frameworks */ = {
			isa = PBXFrameworksBuildPhase;
			buildActionMask = 2147483647;
			files = (
			);
			runOnlyForDeploymentPostprocessing = 0;
		};
		5E82F24C2B33FCE200C7A327 /* Frameworks */ = {
			isa = PBXFrameworksBuildPhase;
			buildActionMask = 2147483647;
			files = (
			);
			runOnlyForDeploymentPostprocessing = 0;
		};
/* End PBXFrameworksBuildPhase section */

/* Begin PBXGroup section */
		5E82F2382B33FCD200C7A327 = {
			isa = PBXGroup;
			children = (
				5E82F2432B33FCD200C7A327 /* Day21 */,
				5E82F2502B33FCE200C7A327 /* Test Day 21 */,
				5E82F2422B33FCD200C7A327 /* Products */,
			);
			sourceTree = "<group>";
		};
		5E82F2422B33FCD200C7A327 /* Products */ = {
			isa = PBXGroup;
			children = (
				5E82F2412B33FCD200C7A327 /* Day21 */,
				5E82F24F2B33FCE200C7A327 /* Test Day 21.xctest */,
			);
			name = Products;
			sourceTree = "<group>";
		};
		5E82F2432B33FCD200C7A327 /* Day21 */ = {
			isa = PBXGroup;
			children = (
				5E82F2442B33FCD200C7A327 /* main.swift */,
				5E82F2592B34074800C7A327 /* input.swift */,
				5E82F2562B33FDDA00C7A327 /* Day21.swift */,
			);
			path = Day21;
			sourceTree = "<group>";
		};
		5E82F2502B33FCE200C7A327 /* Test Day 21 */ = {
			isa = PBXGroup;
			children = (
				5E82F2512B33FCE200C7A327 /* Test_Day_21.swift */,
			);
			path = "Test Day 21";
			sourceTree = "<group>";
		};
/* End PBXGroup section */

/* Begin PBXNativeTarget section */
		5E82F2402B33FCD200C7A327 /* Day21 */ = {
			isa = PBXNativeTarget;
			buildConfigurationList = 5E82F2482B33FCD200C7A327 /* Build configuration list for PBXNativeTarget "Day21" */;
			buildPhases = (
				5E82F23D2B33FCD200C7A327 /* Sources */,
				5E82F23E2B33FCD200C7A327 /* Frameworks */,
				5E82F23F2B33FCD200C7A327 /* CopyFiles */,
			);
			buildRules = (
			);
			dependencies = (
			);
			name = Day21;
			productName = Day21;
			productReference = 5E82F2412B33FCD200C7A327 /* Day21 */;
			productType = "com.apple.product-type.tool";
		};
		5E82F24E2B33FCE200C7A327 /* Test Day 21 */ = {
			isa = PBXNativeTarget;
			buildConfigurationList = 5E82F2532B33FCE200C7A327 /* Build configuration list for PBXNativeTarget "Test Day 21" */;
			buildPhases = (
				5E82F24B2B33FCE200C7A327 /* Sources */,
				5E82F24C2B33FCE200C7A327 /* Frameworks */,
				5E82F24D2B33FCE200C7A327 /* Resources */,
			);
			buildRules = (
			);
			dependencies = (
			);
			name = "Test Day 21";
			productName = "Test Day 21";
			productReference = 5E82F24F2B33FCE200C7A327 /* Test Day 21.xctest */;
			productType = "com.apple.product-type.bundle.unit-test";
		};
/* End PBXNativeTarget section */

/* Begin PBXProject section */
		5E82F2392B33FCD200C7A327 /* Project object */ = {
			isa = PBXProject;
			attributes = {
				BuildIndependentTargetsInParallel = 1;
				LastSwiftUpdateCheck = 1510;
				LastUpgradeCheck = 1510;
				TargetAttributes = {
					5E82F2402B33FCD200C7A327 = {
						CreatedOnToolsVersion = 15.1;
					};
					5E82F24E2B33FCE200C7A327 = {
						CreatedOnToolsVersion = 15.1;
					};
				};
			};
			buildConfigurationList = 5E82F23C2B33FCD200C7A327 /* Build configuration list for PBXProject "Day21" */;
			compatibilityVersion = "Xcode 14.0";
			developmentRegion = en;
			hasScannedForEncodings = 0;
			knownRegions = (
				en,
				Base,
			);
			mainGroup = 5E82F2382B33FCD200C7A327;
			productRefGroup = 5E82F2422B33FCD200C7A327 /* Products */;
			projectDirPath = "";
			projectRoot = "";
			targets = (
				5E82F2402B33FCD200C7A327 /* Day21 */,
				5E82F24E2B33FCE200C7A327 /* Test Day 21 */,
			);
		};
/* End PBXProject section */

/* Begin PBXResourcesBuildPhase section */
		5E82F24D2B33FCE200C7A327 /* Resources */ = {
			isa = PBXResourcesBuildPhase;
			buildActionMask = 2147483647;
			files = (
			);
			runOnlyForDeploymentPostprocessing = 0;
		};
/* End PBXResourcesBuildPhase section */

/* Begin PBXSourcesBuildPhase section */
		5E82F23D2B33FCD200C7A327 /* Sources */ = {
			isa = PBXSourcesBuildPhase;
			buildActionMask = 2147483647;
			files = (
				5E82F2452B33FCD200C7A327 /* main.swift in Sources */,
				5E82F25A2B34074800C7A327 /* input.swift in Sources */,
				5E82F2572B33FDDA00C7A327 /* Day21.swift in Sources */,
			);
			runOnlyForDeploymentPostprocessing = 0;
		};
		5E82F24B2B33FCE200C7A327 /* Sources */ = {
			isa = PBXSourcesBuildPhase;
			buildActionMask = 2147483647;
			files = (
				5E82F2522B33FCE200C7A327 /* Test_Day_21.swift in Sources */,
				5E82F2582B33FDDA00C7A327 /* Day21.swift in Sources */,
			);
			runOnlyForDeploymentPostprocessing = 0;
		};
/* End PBXSourcesBuildPhase section */

/* Begin XCBuildConfiguration section */
		5E82F2462B33FCD200C7A327 /* Debug */ = {
			isa = XCBuildConfiguration;
			buildSettings = {
				ALWAYS_SEARCH_USER_PATHS = NO;
				ASSETCATALOG_COMPILER_GENERATE_SWIFT_ASSET_SYMBOL_EXTENSIONS = YES;
				CLANG_ANALYZER_NONNULL = YES;
				CLANG_ANALYZER_NUMBER_OBJECT_CONVERSION = YES_AGGRESSIVE;
				CLANG_CXX_LANGUAGE_STANDARD = "gnu++20";
				CLANG_ENABLE_MODULES = YES;
				CLANG_ENABLE_OBJC_ARC = YES;
				CLANG_ENABLE_OBJC_WEAK = YES;
				CLANG_WARN_BLOCK_CAPTURE_AUTORELEASING = YES;
				CLANG_WARN_BOOL_CONVERSION = YES;
				CLANG_WARN_COMMA = YES;
				CLANG_WARN_CONSTANT_CONVERSION = YES;
				CLANG_WARN_DEPRECATED_OBJC_IMPLEMENTATIONS = YES;
				CLANG_WARN_DIRECT_OBJC_ISA_USAGE = YES_ERROR;
				CLANG_WARN_DOCUMENTATION_COMMENTS = YES;
				CLANG_WARN_EMPTY_BODY = YES;
				CLANG_WARN_ENUM_CONVERSION = YES;
				CLANG_WARN_INFINITE_RECURSION = YES;
				CLANG_WARN_INT_CONVERSION = YES;
				CLANG_WARN_NON_LITERAL_NULL_CONVERSION = YES;
				CLANG_WARN_OBJC_IMPLICIT_RETAIN_SELF = YES;
				CLANG_WARN_OBJC_LITERAL_CONVERSION = YES;
				CLANG_WARN_OBJC_ROOT_CLASS = YES_ERROR;
				CLANG_WARN_QUOTED_INCLUDE_IN_FRAMEWORK_HEADER = YES;
				CLANG_WARN_RANGE_LOOP_ANALYSIS = YES;
				CLANG_WARN_STRICT_PROTOTYPES = YES;
				CLANG_WARN_SUSPICIOUS_MOVE = YES;
				CLANG_WARN_UNGUARDED_AVAILABILITY = YES_AGGRESSIVE;
				CLANG_WARN_UNREACHABLE_CODE = YES;
				CLANG_WARN__DUPLICATE_METHOD_MATCH = YES;
				COPY_PHASE_STRIP = NO;
				DEBUG_INFORMATION_FORMAT = dwarf;
				ENABLE_STRICT_OBJC_MSGSEND = YES;
				ENABLE_TESTABILITY = YES;
				ENABLE_USER_SCRIPT_SANDBOXING = YES;
				GCC_C_LANGUAGE_STANDARD = gnu17;
				GCC_DYNAMIC_NO_PIC = NO;
				GCC_NO_COMMON_BLOCKS = YES;
				GCC_OPTIMIZATION_LEVEL = 0;
				GCC_PREPROCESSOR_DEFINITIONS = (
					"DEBUG=1",
					"$(inherited)",
				);
				GCC_WARN_64_TO_32_BIT_CONVERSION = YES;
				GCC_WARN_ABOUT_RETURN_TYPE = YES_ERROR;
				GCC_WARN_UNDECLARED_SELECTOR = YES;
				GCC_WARN_UNINITIALIZED_AUTOS = YES_AGGRESSIVE;
				GCC_WARN_UNUSED_FUNCTION = YES;
				GCC_WARN_UNUSED_VARIABLE = YES;
				LOCALIZATION_PREFERS_STRING_CATALOGS = YES;
				MACOSX_DEPLOYMENT_TARGET = 14.1;
				MTL_ENABLE_DEBUG_INFO = INCLUDE_SOURCE;
				MTL_FAST_MATH = YES;
				ONLY_ACTIVE_ARCH = YES;
				SDKROOT = macosx;
				SWIFT_ACTIVE_COMPILATION_CONDITIONS = "DEBUG $(inherited)";
				SWIFT_OPTIMIZATION_LEVEL = "-Onone";
			};
			name = Debug;
		};
		5E82F2472B33FCD200C7A327 /* Release */ = {
			isa = XCBuildConfiguration;
			buildSettings = {
				ALWAYS_SEARCH_USER_PATHS = NO;
				ASSETCATALOG_COMPILER_GENERATE_SWIFT_ASSET_SYMBOL_EXTENSIONS = YES;
				CLANG_ANALYZER_NONNULL = YES;
				CLANG_ANALYZER_NUMBER_OBJECT_CONVERSION = YES_AGGRESSIVE;
				CLANG_CXX_LANGUAGE_STANDARD = "gnu++20";
				CLANG_ENABLE_MODULES = YES;
				CLANG_ENABLE_OBJC_ARC = YES;
				CLANG_ENABLE_OBJC_WEAK = YES;
				CLANG_WARN_BLOCK_CAPTURE_AUTORELEASING = YES;
				CLANG_WARN_BOOL_CONVERSION = YES;
				CLANG_WARN_COMMA = YES;
				CLANG_WARN_CONSTANT_CONVERSION = YES;
				CLANG_WARN_DEPRECATED_OBJC_IMPLEMENTATIONS = YES;
				CLANG_WARN_DIRECT_OBJC_ISA_USAGE = YES_ERROR;
				CLANG_WARN_DOCUMENTATION_COMMENTS = YES;
				CLANG_WARN_EMPTY_BODY = YES;
				CLANG_WARN_ENUM_CONVERSION = YES;
				CLANG_WARN_INFINITE_RECURSION = YES;
				CLANG_WARN_INT_CONVERSION = YES;
				CLANG_WARN_NON_LITERAL_NULL_CONVERSION = YES;
				CLANG_WARN_OBJC_IMPLICIT_RETAIN_SELF = YES;
				CLANG_WARN_OBJC_LITERAL_CONVERSION = YES;
				CLANG_WARN_OBJC_ROOT_CLASS = YES_ERROR;
				CLANG_WARN_QUOTED_INCLUDE_IN_FRAMEWORK_HEADER = YES;
				CLANG_WARN_RANGE_LOOP_ANALYSIS = YES;
				CLANG_WARN_STRICT_PROTOTYPES = YES;
				CLANG_WARN_SUSPICIOUS_MOVE = YES;
				CLANG_WARN_UNGUARDED_AVAILABILITY = YES_AGGRESSIVE;
				CLANG_WARN_UNREACHABLE_CODE = YES;
				CLANG_WARN__DUPLICATE_METHOD_MATCH = YES;
				COPY_PHASE_STRIP = NO;
				DEBUG_INFORMATION_FORMAT = "dwarf-with-dsym";
				ENABLE_NS_ASSERTIONS = NO;
				ENABLE_STRICT_OBJC_MSGSEND = YES;
				ENABLE_USER_SCRIPT_SANDBOXING = YES;
				GCC_C_LANGUAGE_STANDARD = gnu17;
				GCC_NO_COMMON_BLOCKS = YES;
				GCC_WARN_64_TO_32_BIT_CONVERSION = YES;
				GCC_WARN_ABOUT_RETURN_TYPE = YES_ERROR;
				GCC_WARN_UNDECLARED_SELECTOR = YES;
				GCC_WARN_UNINITIALIZED_AUTOS = YES_AGGRESSIVE;
				GCC_WARN_UNUSED_FUNCTION = YES;
				GCC_WARN_UNUSED_VARIABLE = YES;
				LOCALIZATION_PREFERS_STRING_CATALOGS = YES;
				MACOSX_DEPLOYMENT_TARGET = 14.1;
				MTL_ENABLE_DEBUG_INFO = NO;
				MTL_FAST_MATH = YES;
				SDKROOT = macosx;
				SWIFT_COMPILATION_MODE = wholemodule;
			};
			name = Release;
		};
		5E82F2492B33FCD200C7A327 /* Debug */ = {
			isa = XCBuildConfiguration;
			buildSettings = {
				CODE_SIGN_STYLE = Automatic;
				DEVELOPMENT_TEAM = 8P7D5AMAF5;
				ENABLE_HARDENED_RUNTIME = YES;
				PRODUCT_NAME = "$(TARGET_NAME)";
				SWIFT_VERSION = 5.0;
			};
			name = Debug;
		};
		5E82F24A2B33FCD200C7A327 /* Release */ = {
			isa = XCBuildConfiguration;
			buildSettings = {
				CODE_SIGN_STYLE = Automatic;
				DEVELOPMENT_TEAM = 8P7D5AMAF5;
				ENABLE_HARDENED_RUNTIME = YES;
				PRODUCT_NAME = "$(TARGET_NAME)";
				SWIFT_VERSION = 5.0;
			};
			name = Release;
		};
		5E82F2542B33FCE200C7A327 /* Debug */ = {
			isa = XCBuildConfiguration;
			buildSettings = {
				CODE_SIGN_STYLE = Automatic;
				CURRENT_PROJECT_VERSION = 1;
				DEVELOPMENT_TEAM = 8P7D5AMAF5;
				GENERATE_INFOPLIST_FILE = YES;
				MARKETING_VERSION = 1.0;
				PRODUCT_BUNDLE_IDENTIFIER = "rahmcoff.Test-Day-21";
				PRODUCT_NAME = "$(TARGET_NAME)";
				SWIFT_EMIT_LOC_STRINGS = NO;
				SWIFT_VERSION = 5.0;
			};
			name = Debug;
		};
		5E82F2552B33FCE200C7A327 /* Release */ = {
			isa = XCBuildConfiguration;
			buildSettings = {
				CODE_SIGN_STYLE = Automatic;
				CURRENT_PROJECT_VERSION = 1;
				DEVELOPMENT_TEAM = 8P7D5AMAF5;
				GENERATE_INFOPLIST_FILE = YES;
				MARKETING_VERSION = 1.0;
				PRODUCT_BUNDLE_IDENTIFIER = "rahmcoff.Test-Day-21";
				PRODUCT_NAME = "$(TARGET_NAME)";
				SWIFT_EMIT_LOC_STRINGS = NO;
				SWIFT_VERSION = 5.0;
			};
			name = Release;
		};
/* End XCBuildConfiguration section */

/* Begin XCConfigurationList section */
		5E82F23C2B33FCD200C7A327 /* Build configuration list for PBXProject "Day21" */ = {
			isa = XCConfigurationList;
			buildConfigurations = (
				5E82F2462B33FCD200C7A327 /* Debug */,
				5E82F2472B33FCD200C7A327 /* Release */,
			);
			defaultConfigurationIsVisible = 0;
			defaultConfigurationName = Release;
		};
		5E82F2482B33FCD200C7A327 /* Build configuration list for PBXNativeTarget "Day21" */ = {
			isa = XCConfigurationList;
			buildConfigurations = (
				5E82F2492B33FCD200C7A327 /* Debug */,
				5E82F24A2B33FCD200C7A327 /* Release */,
			);
			defaultConfigurationIsVisible = 0;
			defaultConfigurationName = Release;
		};
		5E82F2532B33FCE200C7A327 /* Build configuration list for PBXNativeTarget "Test Day 21" */ = {
			isa = XCConfigurationList;
			buildConfigurations = (
				5E82F2542B33FCE200C7A327 /* Debug */,
				5E82F2552B33FCE200C7A327 /* Release */,
			);
			defaultConfigurationIsVisible = 0;
			defaultConfigurationName = Release;
		};
/* End XCConfigurationList section */
	};
	rootObject = 5E82F2392B33FCD200C7A327 /* Project object */;
}
